{
  "nodes": {
    "dtrace-src": {
      "flake": false,
      "locked": {
        "narHash": "sha256-z1JJaWx5I6+vVwUBAd4nQGEgFMGSmpzHqRFhclaPFUo=",
        "owner": "oracle",
        "repo": "dtrace",
        "rev": "55ebd5f81bf2e10142585a3a43536a99f5f9b0d4",
        "type": "github"
      },
      "original": {
        "owner": "oracle",
        "repo": "dtrace",
        "rev": "55ebd5f81bf2e10142585a3a43536a99f5f9b0d4",
        "type": "github"
      }
    },
    "nixlib": {
      "locked": {
        "lastModified": 1736643958,
        "narHash": "sha256-tmpqTSWVRJVhpvfSN9KXBvKEXplrwKnSZNAoNPf/S/s=",
        "owner": "nix-community",
        "repo": "nixpkgs.lib",
        "rev": "1418bc28a52126761c02dd3d89b2d8ca0f521181",
        "type": "github"
      },
      "original": {
        "owner": "nix-community",
        "repo": "nixpkgs.lib",
        "type": "github"
      }
    },
    "nixos-generators": {
      "inputs": {
        "nixlib": "nixlib",
        "nixpkgs": [
          "nixos-lima",
          "nixpkgs"
        ]
      },
      "locked": {
        "lastModified": 1769813415,
        "narHash": "sha256-nnVmNNKBi1YiBNPhKclNYDORoHkuKipoz7EtVnXO50A=",
        "owner": "nix-community",
        "repo": "nixos-generators",
        "rev": "8946737ff703382fda7623b9fab071d037e897d5",
        "type": "github"
      },
      "original": {
        "owner": "nix-community",
        "repo": "nixos-generators",
        "type": "github"
      }
    },
    "nixos-lima": {
      "inputs": {
        "nixos-generators": "nixos-generators",
        "nixpkgs": [
          "nixpkgs"
        ]
      },
      "locked": {
        "lastModified": 1783018601,
        "narHash": "sha256-vYqhiCrhVox8fRCzgE6KYBWZzgER7Xy5StQm6pLEEEY=",
        "owner": "nixos-lima",
        "repo": "nixos-lima",
        "rev": "c73437590c35a4bb836e028150ad69fda4414d56",
        "type": "github"
      },
      "original": {
        "owner": "nixos-lima",
        "ref": "master",
        "repo": "nixos-lima",
        "type": "github"
      }
    },
    "nixpkgs": {
      "locked": {
        "narHash": "sha256-RzPPiWeUtuvymnpuEWsdtzli5w4kjZs49FqEs3/1u+I=",
        "owner": "NixOS",
        "repo": "nixpkgs",
        "rev": "2fcb964de67fcf60b43471c55d5d99e61a9ccb5a",
        "type": "github"
      },
      "original": {
        "owner": "NixOS",
        "ref": "nixos-unstable",
        "repo": "nixpkgs",
        "type": "github"
      }
    },
    "root": {
      "inputs": {
        "dtrace-src": "dtrace-src",
        "nixos-lima": "nixos-lima",
        "nixpkgs": "nixpkgs"
      }
    }
  },
  "root": "root",
  "version": 7
}
